// !$*UTF8*$!
{
	archiveVersion = 1;
	classes = {
	};
	objectVersion = 46;
	objects = {

/* Begin PBXBuildFile section */
		7899E6D11A0C77E500FC9B8B /* main.m in Sources */ = {isa = PBXBuildFile; fileRef = 7899E6D01A0C77E500FC9B8B /* main.m */; };
		7899E6D41A0C77E500FC9B8B /* AppDelegate.m in Sources */ = {isa = PBXBuildFile; fileRef = 7899E6D31A0C77E500FC9B8B /* AppDelegate.m */; };
		7899E6D71A0C77E500FC9B8B /* PCS_1.xcdatamodeld in Sources */ = {isa = PBXBuildFile; fileRef = 7899E6D51A0C77E500FC9B8B /* PCS_1.xcdatamodeld */; };
		7899E6DA1A0C77E500FC9B8B /* ViewController.m in Sources */ = {isa = PBXBuildFile; fileRef = 7899E6D91A0C77E500FC9B8B /* ViewController.m */; };
		7899E6DD1A0C77E500FC9B8B /* Main.storyboard in Resources */ = {isa = PBXBuildFile; fileRef = 7899E6DB1A0C77E500FC9B8B /* Main.storyboard */; };
		7899E6DF1A0C77E500FC9B8B /* Images.xcassets in Resources */ = {isa = PBXBuildFile; fileRef = 7899E6DE1A0C77E500FC9B8B /* Images.xcassets */; };
		7899E6E21A0C77E500FC9B8B /* LaunchScreen.xib in Resources */ = {isa = PBXBuildFile; fileRef = 7899E6E01A0C77E500FC9B8B /* LaunchScreen.xib */; };
		7899E6EE1A0C77E500FC9B8B /* PCS_1Tests.m in Sources */ = {isa = PBXBuildFile; fileRef = 7899E6ED1A0C77E500FC9B8B /* PCS_1Tests.m */; };
/* End PBXBuildFile section */

/* Begin PBXContainerItemProxy section */
		7899E6E81A0C77E500FC9B8B /* PBXContainerItemProxy */ = {
			isa = PBXContainerItemProxy;
			containerPortal = 7899E6C31A0C77E500FC9B8B /* Project object */;
			proxyType = 1;
			remoteGlobalIDString = 7899E6CA1A0C77E500FC9B8B;
			remoteInfo = "PCS 1";
		};
/* End PBXContainerItemProxy section */

/* Begin PBXFileReference section */
		7899E6CB1A0C77E500FC9B8B /* PCS 1.app */ = {isa = PBXFileReference; explicitFileType = wrapper.application; includeInIndex = 0; path = "PCS 1.app"; sourceTree = BUILT_PRODUCTS_DIR; };
		7899E6CF1A0C77E500FC9B8B /* Info.plist */ = {isa = PBXFileReference; lastKnownFileType = text.plist.xml; path = Info.plist; sourceTree = "<group>"; };
		7899E6D01A0C77E500FC9B8B /* main.m */ = {isa = PBXFileReference; lastKnownFileType = sourcecode.c.objc; path = main.m; sourceTree = "<group>"; };
		7899E6D21A0C77E500FC9B8B /* AppDelegate.h */ = {isa = PBXFileReference; lastKnownFileType = sourcecode.c.h; path = AppDelegate.h; sourceTree = "<group>"; };
		7899E6D31A0C77E500FC9B8B /* AppDelegate.m */ = {isa = PBXFileReference; lastKnownFileType = sourcecode.c.objc; path = AppDelegate.m; sourceTree = "<group>"; };
		7899E6D61A0C77E500FC9B8B /* PCS_1.xcdatamodel */ = {isa = PBXFileReference; lastKnownFileType = wrapper.xcdatamodel; path = PCS_1.xcdatamodel; sourceTree = "<group>"; };
		7899E6D81A0C77E500FC9B8B /* ViewController.h */ = {isa = PBXFileReference; lastKnownFileType = sourcecode.c.h; path = ViewController.h; sourceTree = "<group>"; };
		7899E6D91A0C77E500FC9B8B /* ViewController.m */ = {isa = PBXFileReference; lastKnownFileType = sourcecode.c.objc; path = ViewController.m; sourceTree = "<group>"; };
		7899E6DC1A0C77E500FC9B8B /* Base */ = {isa = PBXFileReference; lastKnownFileType = file.storyboard; name = Base; path = Base.lproj/Main.storyboard; sourceTree = "<group>"; };
		7899E6DE1A0C77E500FC9B8B /* Images.xcassets */ = {isa = PBXFileReference; lastKnownFileType = folder.assetcatalog; path = Images.xcassets; sourceTree = "<group>"; };
		7899E6E11A0C77E500FC9B8B /* Base */ = {isa = PBXFileReference; lastKnownFileType = file.xib; name = Base; path = Base.lproj/LaunchScreen.xib; sourceTree = "<group>"; };
		7899E6E71A0C77E500FC9B8B /* PCS 1Tests.xctest */ = {isa = PBXFileReference; explicitFileType = wrapper.cfbundle; includeInIndex = 0; path = "PCS 1Tests.xctest"; sourceTree = BUILT_PRODUCTS_DIR; };
		7899E6EC1A0C77E500FC9B8B /* Info.plist */ = {isa = PBXFileReference; lastKnownFileType = text.plist.xml; path = Info.plist; sourceTree = "<group>"; };
		7899E6ED1A0C77E500FC9B8B /* PCS_1Tests.m */ = {isa = PBXFileReference; lastKnownFileType = sourcecode.c.objc; path = PCS_1Tests.m; sourceTree = "<group>"; };
/* End PBXFileReference section */

/* Begin PBXFrameworksBuildPhase section */
		7899E6C81A0C77E500FC9B8B /* Frameworks */ = {
			isa = PBXFrameworksBuildPhase;
			buildActionMask = 2147483647;
			files = (
			);
			runOnlyForDeploymentPostprocessing = 0;
		};
		7899E6E41A0C77E500FC9B8B /* Frameworks */ = {
			isa = PBXFrameworksBuildPhase;
			buildActionMask = 2147483647;
			files = (
			);
			runOnlyForDeploymentPostprocessing = 0;
		};
/* End PBXFrameworksBuildPhase section */

/* Begin PBXGroup section */
		7899E6C21A0C77E500FC9B8B = {
			isa = PBXGroup;
			children = (
				7899E6CD1A0C77E500FC9B8B /* PCS 1 */,
				7899E6EA1A0C77E500FC9B8B /* PCS 1Tests */,
				7899E6CC1A0C77E500FC9B8B /* Products */,
			);
			sourceTree = "<group>";
		};
		7899E6CC1A0C77E500FC9B8B /* Products */ = {
			isa = PBXGroup;
			children = (
				7899E6CB1A0C77E500FC9B8B /* PCS 1.app */,
				7899E6E71A0C77E500FC9B8B /* PCS 1Tests.xctest */,
			);
			name = Products;
			sourceTree = "<group>";
		};
		7899E6CD1A0C77E500FC9B8B /* PCS 1 */ = {
			isa = PBXGroup;
			children = (
				7899E6D21A0C77E500FC9B8B /* AppDelegate.h */,
				7899E6D31A0C77E500FC9B8B /* AppDelegate.m */,
				7899E6D81A0C77E500FC9B8B /* ViewController.h */,
				7899E6D91A0C77E500FC9B8B /* ViewController.m */,
				7899E6DB1A0C77E500FC9B8B /* Main.storyboard */,
				7899E6DE1A0C77E500FC9B8B /* Images.xcassets */,
				7899E6E01A0C77E500FC9B8B /* LaunchScreen.xib */,
				7899E6D51A0C77E500FC9B8B /* PCS_1.xcdatamodeld */,
				7899E6CE1A0C77E500FC9B8B /* Supporting Files */,
			);
			path = "PCS 1";
			sourceTree = "<group>";
		};
		7899E6CE1A0C77E500FC9B8B /* Supporting Files */ = {
			isa = PBXGroup;
			children = (
				7899E6CF1A0C77E500FC9B8B /* Info.plist */,
				7899E6D01A0C77E500FC9B8B /* main.m */,
			);
			name = "Supporting Files";
			sourceTree = "<group>";
		};
		7899E6EA1A0C77E500FC9B8B /* PCS 1Tests */ = {
			isa = PBXGroup;
			children = (
				7899E6ED1A0C77E500FC9B8B /* PCS_1Tests.m */,
				7899E6EB1A0C77E500FC9B8B /* Supporting Files */,
			);
			path = "PCS 1Tests";
			sourceTree = "<group>";
		};
		7899E6EB1A0C77E500FC9B8B /* Supporting Files */ = {
			isa = PBXGroup;
			children = (
				7899E6EC1A0C77E500FC9B8B /* Info.plist */,
			);
			name = "Supporting Files";
			sourceTree = "<group>";
		};
/* End PBXGroup section */

/* Begin PBXNativeTarget section */
		7899E6CA1A0C77E500FC9B8B /* PCS 1 */ = {
			isa = PBXNativeTarget;
			buildConfigurationList = 7899E6F11A0C77E500FC9B8B /* Build configuration list for PBXNativeTarget "PCS 1" */;
			buildPhases = (
				7899E6C71A0C77E500FC9B8B /* Sources */,
				7899E6C81A0C77E500FC9B8B /* Frameworks */,
				7899E6C91A0C77E500FC9B8B /* Resources */,
			);
			buildRules = (
			);
			dependencies = (
			);
			name = "PCS 1";
			productName = "PCS 1";
			productReference = 7899E6CB1A0C77E500FC9B8B /* PCS 1.app */;
			productType = "com.apple.product-type.application";
		};
		7899E6E61A0C77E500FC9B8B /* PCS 1Tests */ = {
			isa = PBXNativeTarget;
			buildConfigurationList = 7899E6F41A0C77E500FC9B8B /* Build configuration list for PBXNativeTarget "PCS 1Tests" */;
			buildPhases = (
				7899E6E31A0C77E500FC9B8B /* Sources */,
				7899E6E41A0C77E500FC9B8B /* Frameworks */,
				7899E6E51A0C77E500FC9B8B /* Resources */,
			);
			buildRules = (
			);
			dependencies = (
				7899E6E91A0C77E500FC9B8B /* PBXTargetDependency */,
			);
			name = "PCS 1Tests";
			productName = "PCS 1Tests";
			productReference = 7899E6E71A0C77E500FC9B8B /* PCS 1Tests.xctest */;
			productType = "com.apple.product-type.bundle.unit-test";
		};
/* End PBXNativeTarget section */

/* Begin PBXProject section */
		7899E6C31A0C77E500FC9B8B /* Project object */ = {
			isa = PBXProject;
			attributes = {
				LastUpgradeCheck = 0610;
				ORGANIZATIONNAME = "Tharp, Jeremy";
				TargetAttributes = {
					7899E6CA1A0C77E500FC9B8B = {
						CreatedOnToolsVersion = 6.1;
					};
					7899E6E61A0C77E500FC9B8B = {
						CreatedOnToolsVersion = 6.1;
						TestTargetID = 7899E6CA1A0C77E500FC9B8B;
					};
				};
			};
			buildConfigurationList = 7899E6C61A0C77E500FC9B8B /* Build configuration list for PBXProject "PCS 1" */;
			compatibilityVersion = "Xcode 3.2";
			developmentRegion = English;
			hasScannedForEncodings = 0;
			knownRegions = (
				en,
				Base,
			);
			mainGroup = 7899E6C21A0C77E500FC9B8B;
			productRefGroup = 7899E6CC1A0C77E500FC9B8B /* Products */;
			projectDirPath = "";
			projectRoot = "";
			targets = (
				7899E6CA1A0C77E500FC9B8B /* PCS 1 */,
				7899E6E61A0C77E500FC9B8B /* PCS 1Tests */,
			);
		};
/* End PBXProject section */

/* Begin PBXResourcesBuildPhase section */
		7899E6C91A0C77E500FC9B8B /* Resources */ = {
			isa = PBXResourcesBuildPhase;
			buildActionMask = 2147483647;
			files = (
				7899E6DD1A0C77E500FC9B8B /* Main.storyboard in Resources */,
				7899E6E21A0C77E500FC9B8B /* LaunchScreen.xib in Resources */,
				7899E6DF1A0C77E500FC9B8B /* Images.xcassets in Resources */,
			);
			runOnlyForDeploymentPostprocessing = 0;
		};
		7899E6E51A0C77E500FC9B8B /* Resources */ = {
			isa = PBXResourcesBuildPhase;
			buildActionMask = 2147483647;
			files = (
			);
			runOnlyForDeploymentPostprocessing = 0;
		};
/* End PBXResourcesBuildPhase section */

/* Begin PBXSourcesBuildPhase section */
		7899E6C71A0C77E500FC9B8B /* Sources */ = {
			isa = PBXSourcesBuildPhase;
			buildActionMask = 2147483647;
			files = (
				7899E6D41A0C77E500FC9B8B /* AppDelegate.m in Sources */,
				7899E6D71A0C77E500FC9B8B /* PCS_1.xcdatamodeld in Sources */,
				7899E6DA1A0C77E500FC9B8B /* ViewController.m in Sources */,
				7899E6D11A0C77E500FC9B8B /* main.m in Sources */,
			);
			runOnlyForDeploymentPostprocessing = 0;
		};
		7899E6E31A0C77E500FC9B8B /* Sources */ = {
			isa = PBXSourcesBuildPhase;
			buildActionMask = 2147483647;
			files = (
				7899E6EE1A0C77E500FC9B8B /* PCS_1Tests.m in Sources */,
			);
			runOnlyForDeploymentPostprocessing = 0;
		};
/* End PBXSourcesBuildPhase section */

/* Begin PBXTargetDependency section */
		7899E6E91A0C77E500FC9B8B /* PBXTargetDependency */ = {
			isa = PBXTargetDependency;
			target = 7899E6CA1A0C77E500FC9B8B /* PCS 1 */;
			targetProxy = 7899E6E81A0C77E500FC9B8B /* PBXContainerItemProxy */;
		};
/* End PBXTargetDependency section */

/* Begin PBXVariantGroup section */
		7899E6DB1A0C77E500FC9B8B /* Main.storyboard */ = {
			isa = PBXVariantGroup;
			children = (
				7899E6DC1A0C77E500FC9B8B /* Base */,
			);
			name = Main.storyboard;
			sourceTree = "<group>";
		};
		7899E6E01A0C77E500FC9B8B /* LaunchScreen.xib */ = {
			isa = PBXVariantGroup;
			children = (
				7899E6E11A0C77E500FC9B8B /* Base */,
			);
			name = LaunchScreen.xib;
			sourceTree = "<group>";
		};
/* End PBXVariantGroup section */

/* Begin XCBuildConfiguration section */
		7899E6EF1A0C77E500FC9B8B /* Debug */ = {
			isa = XCBuildConfiguration;
			buildSettings = {
				ALWAYS_SEARCH_USER_PATHS = NO;
				CLANG_CXX_LANGUAGE_STANDARD = "gnu++0x";
				CLANG_CXX_LIBRARY = "libc++";
				CLANG_ENABLE_MODULES = YES;
				CLANG_ENABLE_OBJC_ARC = YES;
				CLANG_WARN_BOOL_CONVERSION = YES;
				CLANG_WARN_CONSTANT_CONVERSION = YES;
				CLANG_WARN_DIRECT_OBJC_ISA_USAGE = YES_ERROR;
				CLANG_WARN_EMPTY_BODY = YES;
				CLANG_WARN_ENUM_CONVERSION = YES;
				CLANG_WARN_INT_CONVERSION = YES;
				CLANG_WARN_OBJC_ROOT_CLASS = YES_ERROR;
				CLANG_WARN_UNREACHABLE_CODE = YES;
				CLANG_WARN__DUPLICATE_METHOD_MATCH = YES;
				"CODE_SIGN_IDENTITY[sdk=iphoneos*]" = "iPhone Developer";
				COPY_PHASE_STRIP = NO;
				ENABLE_STRICT_OBJC_MSGSEND = YES;
				GCC_C_LANGUAGE_STANDARD = gnu99;
				GCC_DYNAMIC_NO_PIC = NO;
				GCC_OPTIMIZATION_LEVEL = 0;
				GCC_PREPROCESSOR_DEFINITIONS = (
					"DEBUG=1",
					"$(inherited)",
				);
				GCC_SYMBOLS_PRIVATE_EXTERN = NO;
				GCC_WARN_64_TO_32_BIT_CONVERSION = YES;
				GCC_WARN_ABOUT_RETURN_TYPE = YES_ERROR;
				GCC_WARN_UNDECLARED_SELECTOR = YES;
				GCC_WARN_UNINITIALIZED_AUTOS = YES_AGGRESSIVE;
				GCC_WARN_UNUSED_FUNCTION = YES;
				GCC_WARN_UNUSED_VARIABLE = YES;
				IPHONEOS_DEPLOYMENT_TARGET = 8.1;
				MTL_ENABLE_DEBUG_INFO = YES;
				ONLY_ACTIVE_ARCH = YES;
				SDKROOT = iphoneos;
				TARGETED_DEVICE_FAMILY = "1,2";
			};
			name = Debug;
		};
		7899E6F01A0C77E500FC9B8B /* Release */ = {
			isa = XCBuildConfiguration;
			buildSettings = {
				ALWAYS_SEARCH_USER_PATHS = NO;
				CLANG_CXX_LANGUAGE_STANDARD = "gnu++0x";
				CLANG_CXX_LIBRARY = "libc++";
				CLANG_ENABLE_MODULES = YES;
				CLANG_ENABLE_OBJC_ARC = YES;
				CLANG_WARN_BOOL_CONVERSION = YES;
				CLANG_WARN_CONSTANT_CONVERSION = YES;
				CLANG_WARN_DIRECT_OBJC_ISA_USAGE = YES_ERROR;
				CLANG_WARN_EMPTY_BODY = YES;
				CLANG_WARN_ENUM_CONVERSION = YES;
				CLANG_WARN_INT_CONVERSION = YES;
				CLANG_WARN_OBJC_ROOT_CLASS = YES_ERROR;
				CLANG_WARN_UNREACHABLE_CODE = YES;
				CLANG_WARN__DUPLICATE_METHOD_MATCH = YES;
				"CODE_SIGN_IDENTITY[sdk=iphoneos*]" = "iPhone Developer";
				COPY_PHASE_STRIP = YES;
				ENABLE_NS_ASSERTIONS = NO;
				ENABLE_STRICT_OBJC_MSGSEND = YES;
				GCC_C_LANGUAGE_STANDARD = gnu99;
				GCC_WARN_64_TO_32_BIT_CONVERSION = YES;
				GCC_WARN_ABOUT_RETURN_TYPE = YES_ERROR;
				GCC_WARN_UNDECLARED_SELECTOR = YES;
				GCC_WARN_UNINITIALIZED_AUTOS = YES_AGGRESSIVE;
				GCC_WARN_UNUSED_FUNCTION = YES;
				GCC_WARN_UNUSED_VARIABLE = YES;
				IPHONEOS_DEPLOYMENT_TARGET = 8.1;
				MTL_ENABLE_DEBUG_INFO = NO;
				SDKROOT = iphoneos;
				TARGETED_DEVICE_FAMILY = "1,2";
				VALIDATE_PRODUCT = YES;
			};
			name = Release;
		};
		7899E6F21A0C77E500FC9B8B /* Debug */ = {
			isa = XCBuildConfiguration;
			buildSettings = {
				ASSETCATALOG_COMPILER_APPICON_NAME = AppIcon;
				INFOPLIST_FILE = "PCS 1/Info.plist";
				LD_RUNPATH_SEARCH_PATHS = "$(inherited) @executable_path/Frameworks";
				PRODUCT_NAME = "$(TARGET_NAME)";
			};
			name = Debug;
		};
		7899E6F31A0C77E500FC9B8B /* Release */ = {
			isa = XCBuildConfiguration;
			buildSettings = {
				ASSETCATALOG_COMPILER_APPICON_NAME = AppIcon;
				INFOPLIST_FILE = "PCS 1/Info.plist";
				LD_RUNPATH_SEARCH_PATHS = "$(inherited) @executable_path/Frameworks";
				PRODUCT_NAME = "$(TARGET_NAME)";
			};
			name = Release;
		};
		7899E6F51A0C77E500FC9B8B /* Debug */ = {
			isa = XCBuildConfiguration;
			buildSettings = {
				BUNDLE_LOADER = "$(TEST_HOST)";
				FRAMEWORK_SEARCH_PATHS = (
					"$(SDKROOT)/Developer/Library/Frameworks",
					"$(inherited)",
				);
				GCC_PREPROCESSOR_DEFINITIONS = (
					"DEBUG=1",
					"$(inherited)",
				);
				INFOPLIST_FILE = "PCS 1Tests/Info.plist";
				LD_RUNPATH_SEARCH_PATHS = "$(inherited) @executable_path/Frameworks @loader_path/Frameworks";
				PRODUCT_NAME = "$(TARGET_NAME)";
				TEST_HOST = "$(BUILT_PRODUCTS_DIR)/PCS 1.app/PCS 1";
			};
			name = Debug;
		};
		7899E6F61A0C77E500FC9B8B /* Release */ = {
			isa = XCBuildConfiguration;
			buildSettings = {
				BUNDLE_LOADER = "$(TEST_HOST)";
				FRAMEWORK_SEARCH_PATHS = (
					"$(SDKROOT)/Developer/Library/Frameworks",
					"$(inherited)",
				);
				INFOPLIST_FILE = "PCS 1Tests/Info.plist";
				LD_RUNPATH_SEARCH_PATHS = "$(inherited) @executable_path/Frameworks @loader_path/Frameworks";
				PRODUCT_NAME = "$(TARGET_NAME)";
				TEST_HOST = "$(BUILT_PRODUCTS_DIR)/PCS 1.app/PCS 1";
			};
			name = Release;
		};
/* End XCBuildConfiguration section */

/* Begin XCConfigurationList section */
		7899E6C61A0C77E500FC9B8B /* Build configuration list for PBXProject "PCS 1" */ = {
			isa = XCConfigurationList;
			buildConfigurations = (
				7899E6EF1A0C77E500FC9B8B /* Debug */,
				7899E6F01A0C77E500FC9B8B /* Release */,
			);
			defaultConfigurationIsVisible = 0;
			defaultConfigurationName = Release;
		};
		7899E6F11A0C77E500FC9B8B /* Build configuration list for PBXNativeTarget "PCS 1" */ = {
			isa = XCConfigurationList;
			buildConfigurations = (
				7899E6F21A0C77E500FC9B8B /* Debug */,
				7899E6F31A0C77E500FC9B8B /* Release */,
			);
			defaultConfigurationIsVisible = 0;
		};
		7899E6F41A0C77E500FC9B8B /* Build configuration list for PBXNativeTarget "PCS 1Tests" */ = {
			isa = XCConfigurationList;
			buildConfigurations = (
				7899E6F51A0C77E500FC9B8B /* Debug */,
				7899E6F61A0C77E500FC9B8B /* Release */,
			);
			defaultConfigurationIsVisible = 0;
		};
/* End XCConfigurationList section */

/* Begin XCVersionGroup section */
		7899E6D51A0C77E500FC9B8B /* PCS_1.xcdatamodeld */ = {
			isa = XCVersionGroup;
			children = (
				7899E6D61A0C77E500FC9B8B /* PCS_1.xcdatamodel */,
			);
			currentVersion = 7899E6D61A0C77E500FC9B8B /* PCS_1.xcdatamodel */;
			path = PCS_1.xcdatamodeld;
			sourceTree = "<group>";
			versionGroupType = wrapper.xcdatamodel;
		};
/* End XCVersionGroup section */
	};
	rootObject = 7899E6C31A0C77E500FC9B8B /* Project object */;
}
